
Microsoft Visual Studio Solution File, Format Version 12.00
Project("{FAE04EC0-301F-11D3-BF4B-00C04F79EFBC}") = "Kyogo.Domain", "Kyogo.Domain\Kyogo.Domain.csproj", "{31C6520E-E3FB-4E03-93A4-5C08D85DC1D3}"
EndProject
Project("{FAE04EC0-301F-11D3-BF4B-00C04F79EFBC}") = "Kyogo.Application", "Kyogo.Application\Kyogo.Application.csproj", "{DBCAEA67-6FA2-4604-AD1A-7BF12C64A853}"
	ProjectSection(ProjectDependencies) = postProject
		{31C6520E-E3FB-4E03-93A4-5C08D85DC1D3} = {31C6520E-E3FB-4E03-93A4-5C08D85DC1D3}
	EndProjectSection
EndProject
Project("{FAE04EC0-301F-11D3-BF4B-00C04F79EFBC}") = "Kyogo.Infrastructure", "Kyogo.Infrastructure\Kyogo.Infrastructure.csproj", "{846A7B96-9778-4851-A606-DD9D1216E0B5}"
EndProject
Project("{FAE04EC0-301F-11D3-BF4B-00C04F79EFBC}") = "Kyogo.Api", "Kyogo.Api\Kyogo.Api.csproj", "{CDC7ECDC-8FFE-418B-9250-C2AF3A99E512}"
EndProject
Global
	GlobalSection(SolutionConfigurationPlatforms) = preSolution
		Debug|Any CPU = Debug|Any CPU
		Release|Any CPU = Release|Any CPU
	EndGlobalSection
	GlobalSection(ProjectConfigurationPlatforms) = postSolution
		{31C6520E-E3FB-4E03-93A4-5C08D85DC1D3}.Debug|Any CPU.ActiveCfg = Debug|Any CPU
		{31C6520E-E3FB-4E03-93A4-5C08D85DC1D3}.Debug|Any CPU.Build.0 = Debug|Any CPU
		{31C6520E-E3FB-4E03-93A4-5C08D85DC1D3}.Release|Any CPU.ActiveCfg = Release|Any CPU
		{31C6520E-E3FB-4E03-93A4-5C08D85DC1D3}.Release|Any CPU.Build.0 = Release|Any CPU
		{DBCAEA67-6FA2-4604-AD1A-7BF12C64A853}.Debug|Any CPU.ActiveCfg = Debug|Any CPU
		{DBCAEA67-6FA2-4604-AD1A-7BF12C64A853}.Debug|Any CPU.Build.0 = Debug|Any CPU
		{DBCAEA67-6FA2-4604-AD1A-7BF12C64A853}.Release|Any CPU.ActiveCfg = Release|Any CPU
		{DBCAEA67-6FA2-4604-AD1A-7BF12C64A853}.Release|Any CPU.Build.0 = Release|Any CPU
		{846A7B96-9778-4851-A606-DD9D1216E0B5}.Debug|Any CPU.ActiveCfg = Debug|Any CPU
		{846A7B96-9778-4851-A606-DD9D1216E0B5}.Debug|Any CPU.Build.0 = Debug|Any CPU
		{846A7B96-9778-4851-A606-DD9D1216E0B5}.Release|Any CPU.ActiveCfg = Release|Any CPU
		{846A7B96-9778-4851-A606-DD9D1216E0B5}.Release|Any CPU.Build.0 = Release|Any CPU
		{CDC7ECDC-8FFE-418B-9250-C2AF3A99E512}.Debug|Any CPU.ActiveCfg = Debug|Any CPU
		{CDC7ECDC-8FFE-418B-9250-C2AF3A99E512}.Debug|Any CPU.Build.0 = Debug|Any CPU
		{CDC7ECDC-8FFE-418B-9250-C2AF3A99E512}.Release|Any CPU.ActiveCfg = Release|Any CPU
		{CDC7ECDC-8FFE-418B-9250-C2AF3A99E512}.Release|Any CPU.Build.0 = Release|Any CPU
	EndGlobalSection
EndGlobal
